Microsoft Visual Studio Solution File, Format Version 11.00
# Visual Studio 2008

Project("{C5612C63-E807-EBC8-5C3D-CD88DF78253D}") = "gin1-project", "Assembly-CSharp.csproj", "{4F9BCE74-19FF-6B52-3D73-9C38C7980C37}"
EndProject
Project("{C5612C63-E807-EBC8-5C3D-CD88DF78253D}") = "gin1-project", "Assembly-CSharp-Editor.csproj", "{1A3AA897-6883-F34A-6A94-70010182403E}"
EndProject
Project("{C5612C63-E807-EBC8-5C3D-CD88DF78253D}") = "gin1-project", "Assembly-UnityScript-Editor-firstpass.unityproj", "{50839FCB-2332-52EC-4755-BC3F10D21ED3}"
EndProject
Global
	GlobalSection(SolutionConfigurationPlatforms) = preSolution
		Debug|Any CPU = Debug|Any CPU
		Release|Any CPU = Release|Any CPU
	EndGlobalSection
	GlobalSection(ProjectConfigurationPlatforms) = postSolution
		{4F9BCE74-19FF-6B52-3D73-9C38C7980C37}.Debug|Any CPU.ActiveCfg = Debug|Any CPU
		{4F9BCE74-19FF-6B52-3D73-9C38C7980C37}.Debug|Any CPU.Build.0 = Debug|Any CPU
		{4F9BCE74-19FF-6B52-3D73-9C38C7980C37}.Release|Any CPU.ActiveCfg = Release|Any CPU
		{4F9BCE74-19FF-6B52-3D73-9C38C7980C37}.Release|Any CPU.Build.0 = Release|Any CPU
		{1A3AA897-6883-F34A-6A94-70010182403E}.Debug|Any CPU.ActiveCfg = Debug|Any CPU
		{1A3AA897-6883-F34A-6A94-70010182403E}.Debug|Any CPU.Build.0 = Debug|Any CPU
		{1A3AA897-6883-F34A-6A94-70010182403E}.Release|Any CPU.ActiveCfg = Release|Any CPU
		{1A3AA897-6883-F34A-6A94-70010182403E}.Release|Any CPU.Build.0 = Release|Any CPU
		{50839FCB-2332-52EC-4755-BC3F10D21ED3}.Debug|Any CPU.ActiveCfg = Debug|Any CPU
		{50839FCB-2332-52EC-4755-BC3F10D21ED3}.Debug|Any CPU.Build.0 = Debug|Any CPU
		{50839FCB-2332-52EC-4755-BC3F10D21ED3}.Release|Any CPU.ActiveCfg = Release|Any CPU
		{50839FCB-2332-52EC-4755-BC3F10D21ED3}.Release|Any CPU.Build.0 = Release|Any CPU
	EndGlobalSection
	GlobalSection(SolutionProperties) = preSolution
		HideSolutionNode = FALSE
	EndGlobalSection
								GlobalSection(MonoDevelopProperties) = preSolution
		StartupItem = Assembly-CSharp.csproj
		Policies = $0
		$0.TextStylePolicy = $1
		$1.inheritsSet = null
		$1.scope = text/x-csharp
		$0.CSharpFormattingPolicy = $2
		$2.inheritsSet = Mono
		$2.inheritsScope = text/x-csharp
		$2.scope = text/x-csharp
		$0.TextStylePolicy = $3
		$3.FileWidth = 120
		$3.TabWidth = 4
		$3.EolMarker = Unix
		$3.inheritsSet = Mono
		$3.inheritsScope = text/plain
		$3.scope = text/plain
	EndGlobalSection

EndGlobal
