Microsoft Visual Studio Solution File, Format Version 11.00
# Visual Studio 2008

Project("{E0BCB5A2-038E-84CA-ADA2-738102AE6244}") = "Habitat", "Assembly-CSharp-vs.csproj", "{D6B3C750-B2B0-3945-15CE-CD013D97014F}"
EndProject
Project("{E0BCB5A2-038E-84CA-ADA2-738102AE6244}") = "Habitat", "Assembly-CSharp-Editor-vs.csproj", "{D5743B45-3F0B-5C9E-4033-F84C4BDAAC2F}"
EndProject
Global
	GlobalSection(SolutionConfigurationPlatforms) = preSolution
		Debug|Any CPU = Debug|Any CPU
		Release|Any CPU = Release|Any CPU
	EndGlobalSection
	GlobalSection(ProjectConfigurationPlatforms) = postSolution
		{D6B3C750-B2B0-3945-15CE-CD013D97014F}.Debug|Any CPU.ActiveCfg = Debug|Any CPU
		{D6B3C750-B2B0-3945-15CE-CD013D97014F}.Debug|Any CPU.Build.0 = Debug|Any CPU
		{D6B3C750-B2B0-3945-15CE-CD013D97014F}.Release|Any CPU.ActiveCfg = Release|Any CPU
		{D6B3C750-B2B0-3945-15CE-CD013D97014F}.Release|Any CPU.Build.0 = Release|Any CPU
		{D5743B45-3F0B-5C9E-4033-F84C4BDAAC2F}.Debug|Any CPU.ActiveCfg = Debug|Any CPU
		{D5743B45-3F0B-5C9E-4033-F84C4BDAAC2F}.Debug|Any CPU.Build.0 = Debug|Any CPU
		{D5743B45-3F0B-5C9E-4033-F84C4BDAAC2F}.Release|Any CPU.ActiveCfg = Release|Any CPU
		{D5743B45-3F0B-5C9E-4033-F84C4BDAAC2F}.Release|Any CPU.Build.0 = Release|Any CPU
	EndGlobalSection
	GlobalSection(SolutionProperties) = preSolution
		HideSolutionNode = FALSE
	EndGlobalSection
																												GlobalSection(MonoDevelopProperties) = preSolution
		StartupItem = Assembly-CSharp.csproj
		Policies = $0
		$0.TextStylePolicy = $1
		$1.inheritsSet = null
		$1.scope = text/x-csharp
		$0.CSharpFormattingPolicy = $2
		$2.inheritsSet = Mono
		$2.inheritsScope = text/x-csharp
		$2.scope = text/x-csharp
		$0.TextStylePolicy = $3
		$3.FileWidth = 120
		$3.TabWidth = 4
		$3.EolMarker = Unix
		$3.inheritsSet = Mono
		$3.inheritsScope = text/plain
		$3.scope = text/plain
	EndGlobalSection

EndGlobal
